// !$*UTF8*$!
{
	archiveVersion = 1;
	classes = {
	};
	objectVersion = 46;
	objects = {

/* Begin PBXBuildFile section */
		CB10D34E192276C0007B7ADD /* Foundation.framework in Frameworks */ = {isa = PBXBuildFile; fileRef = CB10D34D192276C0007B7ADD /* Foundation.framework */; };
		CB10D350192276C0007B7ADD /* CoreGraphics.framework in Frameworks */ = {isa = PBXBuildFile; fileRef = CB10D34F192276C0007B7ADD /* CoreGraphics.framework */; };
		CB10D352192276C0007B7ADD /* UIKit.framework in Frameworks */ = {isa = PBXBuildFile; fileRef = CB10D351192276C0007B7ADD /* UIKit.framework */; };
		CB10D358192276C0007B7ADD /* InfoPlist.strings in Resources */ = {isa = PBXBuildFile; fileRef = CB10D356192276C0007B7ADD /* InfoPlist.strings */; };
		CB10D35A192276C0007B7ADD /* main.m in Sources */ = {isa = PBXBuildFile; fileRef = CB10D359192276C0007B7ADD /* main.m */; };
		CB10D35E192276C0007B7ADD /* FRAAppDelegate.m in Sources */ = {isa = PBXBuildFile; fileRef = CB10D35D192276C0007B7ADD /* FRAAppDelegate.m */; };
		CB10D361192276C0007B7ADD /* Main.storyboard in Resources */ = {isa = PBXBuildFile; fileRef = CB10D35F192276C0007B7ADD /* Main.storyboard */; };
		CB10D366192276C0007B7ADD /* Images.xcassets in Resources */ = {isa = PBXBuildFile; fileRef = CB10D365192276C0007B7ADD /* Images.xcassets */; };
		CB10D36D192276C0007B7ADD /* XCTest.framework in Frameworks */ = {isa = PBXBuildFile; fileRef = CB10D36C192276C0007B7ADD /* XCTest.framework */; };
		CB10D36E192276C0007B7ADD /* Foundation.framework in Frameworks */ = {isa = PBXBuildFile; fileRef = CB10D34D192276C0007B7ADD /* Foundation.framework */; };
		CB10D36F192276C0007B7ADD /* UIKit.framework in Frameworks */ = {isa = PBXBuildFile; fileRef = CB10D351192276C0007B7ADD /* UIKit.framework */; };
		CB10D377192276C0007B7ADD /* InfoPlist.strings in Resources */ = {isa = PBXBuildFile; fileRef = CB10D375192276C0007B7ADD /* InfoPlist.strings */; };
		CB10D379192276C0007B7ADD /* FunWithRuntimeAttributesTests.m in Sources */ = {isa = PBXBuildFile; fileRef = CB10D378192276C0007B7ADD /* FunWithRuntimeAttributesTests.m */; };
		CB10D386192278FE007B7ADD /* CALayer+RuntimeAttribute.m in Sources */ = {isa = PBXBuildFile; fileRef = CB10D383192278FE007B7ADD /* CALayer+RuntimeAttribute.m */; };
		CB10D387192278FE007B7ADD /* UISegmentedControl+RuntimeAttribute.m in Sources */ = {isa = PBXBuildFile; fileRef = CB10D385192278FE007B7ADD /* UISegmentedControl+RuntimeAttribute.m */; };
/* End PBXBuildFile section */

/* Begin PBXContainerItemProxy section */
		CB10D370192276C0007B7ADD /* PBXContainerItemProxy */ = {
			isa = PBXContainerItemProxy;
			containerPortal = CB10D342192276C0007B7ADD /* Project object */;
			proxyType = 1;
			remoteGlobalIDString = CB10D349192276C0007B7ADD;
			remoteInfo = FunWithRuntimeAttributes;
		};
/* End PBXContainerItemProxy section */

/* Begin PBXFileReference section */
		CB10D34A192276C0007B7ADD /* FunWithRuntimeAttributes.app */ = {isa = PBXFileReference; explicitFileType = wrapper.application; includeInIndex = 0; path = FunWithRuntimeAttributes.app; sourceTree = BUILT_PRODUCTS_DIR; };
		CB10D34D192276C0007B7ADD /* Foundation.framework */ = {isa = PBXFileReference; lastKnownFileType = wrapper.framework; name = Foundation.framework; path = System/Library/Frameworks/Foundation.framework; sourceTree = SDKROOT; };
		CB10D34F192276C0007B7ADD /* CoreGraphics.framework */ = {isa = PBXFileReference; lastKnownFileType = wrapper.framework; name = CoreGraphics.framework; path = System/Library/Frameworks/CoreGraphics.framework; sourceTree = SDKROOT; };
		CB10D351192276C0007B7ADD /* UIKit.framework */ = {isa = PBXFileReference; lastKnownFileType = wrapper.framework; name = UIKit.framework; path = System/Library/Frameworks/UIKit.framework; sourceTree = SDKROOT; };
		CB10D355192276C0007B7ADD /* FunWithRuntimeAttributes-Info.plist */ = {isa = PBXFileReference; lastKnownFileType = text.plist.xml; path = "FunWithRuntimeAttributes-Info.plist"; sourceTree = "<group>"; };
		CB10D357192276C0007B7ADD /* en */ = {isa = PBXFileReference; lastKnownFileType = text.plist.strings; name = en; path = en.lproj/InfoPlist.strings; sourceTree = "<group>"; };
		CB10D359192276C0007B7ADD /* main.m */ = {isa = PBXFileReference; lastKnownFileType = sourcecode.c.objc; path = main.m; sourceTree = "<group>"; };
		CB10D35B192276C0007B7ADD /* FunWithRuntimeAttributes-Prefix.pch */ = {isa = PBXFileReference; lastKnownFileType = sourcecode.c.h; path = "FunWithRuntimeAttributes-Prefix.pch"; sourceTree = "<group>"; };
		CB10D35C192276C0007B7ADD /* FRAAppDelegate.h */ = {isa = PBXFileReference; lastKnownFileType = sourcecode.c.h; path = FRAAppDelegate.h; sourceTree = "<group>"; };
		CB10D35D192276C0007B7ADD /* FRAAppDelegate.m */ = {isa = PBXFileReference; lastKnownFileType = sourcecode.c.objc; path = FRAAppDelegate.m; sourceTree = "<group>"; };
		CB10D360192276C0007B7ADD /* Base */ = {isa = PBXFileReference; lastKnownFileType = file.storyboard; name = Base; path = Base.lproj/Main.storyboard; sourceTree = "<group>"; };
		CB10D365192276C0007B7ADD /* Images.xcassets */ = {isa = PBXFileReference; lastKnownFileType = folder.assetcatalog; path = Images.xcassets; sourceTree = "<group>"; };
		CB10D36B192276C0007B7ADD /* FunWithRuntimeAttributesTests.xctest */ = {isa = PBXFileReference; explicitFileType = wrapper.cfbundle; includeInIndex = 0; path = FunWithRuntimeAttributesTests.xctest; sourceTree = BUILT_PRODUCTS_DIR; };
		CB10D36C192276C0007B7ADD /* XCTest.framework */ = {isa = PBXFileReference; lastKnownFileType = wrapper.framework; name = XCTest.framework; path = Library/Frameworks/XCTest.framework; sourceTree = DEVELOPER_DIR; };
		CB10D374192276C0007B7ADD /* FunWithRuntimeAttributesTests-Info.plist */ = {isa = PBXFileReference; lastKnownFileType = text.plist.xml; path = "FunWithRuntimeAttributesTests-Info.plist"; sourceTree = "<group>"; };
		CB10D376192276C0007B7ADD /* en */ = {isa = PBXFileReference; lastKnownFileType = text.plist.strings; name = en; path = en.lproj/InfoPlist.strings; sourceTree = "<group>"; };
		CB10D378192276C0007B7ADD /* FunWithRuntimeAttributesTests.m */ = {isa = PBXFileReference; lastKnownFileType = sourcecode.c.objc; path = FunWithRuntimeAttributesTests.m; sourceTree = "<group>"; };
		CB10D382192278FE007B7ADD /* CALayer+RuntimeAttribute.h */ = {isa = PBXFileReference; fileEncoding = 4; lastKnownFileType = sourcecode.c.h; path = "CALayer+RuntimeAttribute.h"; sourceTree = "<group>"; };
		CB10D383192278FE007B7ADD /* CALayer+RuntimeAttribute.m */ = {isa = PBXFileReference; fileEncoding = 4; lastKnownFileType = sourcecode.c.objc; path = "CALayer+RuntimeAttribute.m"; sourceTree = "<group>"; };
		CB10D384192278FE007B7ADD /* UISegmentedControl+RuntimeAttribute.h */ = {isa = PBXFileReference; fileEncoding = 4; lastKnownFileType = sourcecode.c.h; path = "UISegmentedControl+RuntimeAttribute.h"; sourceTree = "<group>"; };
		CB10D385192278FE007B7ADD /* UISegmentedControl+RuntimeAttribute.m */ = {isa = PBXFileReference; fileEncoding = 4; lastKnownFileType = sourcecode.c.objc; path = "UISegmentedControl+RuntimeAttribute.m"; sourceTree = "<group>"; };
/* End PBXFileReference section */

/* Begin PBXFrameworksBuildPhase section */
		CB10D347192276C0007B7ADD /* Frameworks */ = {
			isa = PBXFrameworksBuildPhase;
			buildActionMask = 2147483647;
			files = (
				CB10D350192276C0007B7ADD /* CoreGraphics.framework in Frameworks */,
				CB10D352192276C0007B7ADD /* UIKit.framework in Frameworks */,
				CB10D34E192276C0007B7ADD /* Foundation.framework in Frameworks */,
			);
			runOnlyForDeploymentPostprocessing = 0;
		};
		CB10D368192276C0007B7ADD /* Frameworks */ = {
			isa = PBXFrameworksBuildPhase;
			buildActionMask = 2147483647;
			files = (
				CB10D36D192276C0007B7ADD /* XCTest.framework in Frameworks */,
				CB10D36F192276C0007B7ADD /* UIKit.framework in Frameworks */,
				CB10D36E192276C0007B7ADD /* Foundation.framework in Frameworks */,
			);
			runOnlyForDeploymentPostprocessing = 0;
		};
/* End PBXFrameworksBuildPhase section */

/* Begin PBXGroup section */
		CB10D341192276C0007B7ADD = {
			isa = PBXGroup;
			children = (
				CB10D353192276C0007B7ADD /* FunWithRuntimeAttributes */,
				CB10D372192276C0007B7ADD /* FunWithRuntimeAttributesTests */,
				CB10D34C192276C0007B7ADD /* Frameworks */,
				CB10D34B192276C0007B7ADD /* Products */,
			);
			sourceTree = "<group>";
		};
		CB10D34B192276C0007B7ADD /* Products */ = {
			isa = PBXGroup;
			children = (
				CB10D34A192276C0007B7ADD /* FunWithRuntimeAttributes.app */,
				CB10D36B192276C0007B7ADD /* FunWithRuntimeAttributesTests.xctest */,
			);
			name = Products;
			sourceTree = "<group>";
		};
		CB10D34C192276C0007B7ADD /* Frameworks */ = {
			isa = PBXGroup;
			children = (
				CB10D34D192276C0007B7ADD /* Foundation.framework */,
				CB10D34F192276C0007B7ADD /* CoreGraphics.framework */,
				CB10D351192276C0007B7ADD /* UIKit.framework */,
				CB10D36C192276C0007B7ADD /* XCTest.framework */,
			);
			name = Frameworks;
			sourceTree = "<group>";
		};
		CB10D353192276C0007B7ADD /* FunWithRuntimeAttributes */ = {
			isa = PBXGroup;
			children = (
				CB10D382192278FE007B7ADD /* CALayer+RuntimeAttribute.h */,
				CB10D383192278FE007B7ADD /* CALayer+RuntimeAttribute.m */,
				CB10D384192278FE007B7ADD /* UISegmentedControl+RuntimeAttribute.h */,
				CB10D385192278FE007B7ADD /* UISegmentedControl+RuntimeAttribute.m */,
				CB10D35C192276C0007B7ADD /* FRAAppDelegate.h */,
				CB10D35D192276C0007B7ADD /* FRAAppDelegate.m */,
				CB10D35F192276C0007B7ADD /* Main.storyboard */,
				CB10D365192276C0007B7ADD /* Images.xcassets */,
				CB10D354192276C0007B7ADD /* Supporting Files */,
			);
			path = FunWithRuntimeAttributes;
			sourceTree = "<group>";
		};
		CB10D354192276C0007B7ADD /* Supporting Files */ = {
			isa = PBXGroup;
			children = (
				CB10D355192276C0007B7ADD /* FunWithRuntimeAttributes-Info.plist */,
				CB10D356192276C0007B7ADD /* InfoPlist.strings */,
				CB10D359192276C0007B7ADD /* main.m */,
				CB10D35B192276C0007B7ADD /* FunWithRuntimeAttributes-Prefix.pch */,
			);
			name = "Supporting Files";
			sourceTree = "<group>";
		};
		CB10D372192276C0007B7ADD /* FunWithRuntimeAttributesTests */ = {
			isa = PBXGroup;
			children = (
				CB10D378192276C0007B7ADD /* FunWithRuntimeAttributesTests.m */,
				CB10D373192276C0007B7ADD /* Supporting Files */,
			);
			path = FunWithRuntimeAttributesTests;
			sourceTree = "<group>";
		};
		CB10D373192276C0007B7ADD /* Supporting Files */ = {
			isa = PBXGroup;
			children = (
				CB10D374192276C0007B7ADD /* FunWithRuntimeAttributesTests-Info.plist */,
				CB10D375192276C0007B7ADD /* InfoPlist.strings */,
			);
			name = "Supporting Files";
			sourceTree = "<group>";
		};
/* End PBXGroup section */

/* Begin PBXNativeTarget section */
		CB10D349192276C0007B7ADD /* FunWithRuntimeAttributes */ = {
			isa = PBXNativeTarget;
			buildConfigurationList = CB10D37C192276C0007B7ADD /* Build configuration list for PBXNativeTarget "FunWithRuntimeAttributes" */;
			buildPhases = (
				CB10D346192276C0007B7ADD /* Sources */,
				CB10D347192276C0007B7ADD /* Frameworks */,
				CB10D348192276C0007B7ADD /* Resources */,
			);
			buildRules = (
			);
			dependencies = (
			);
			name = FunWithRuntimeAttributes;
			productName = FunWithRuntimeAttributes;
			productReference = CB10D34A192276C0007B7ADD /* FunWithRuntimeAttributes.app */;
			productType = "com.apple.product-type.application";
		};
		CB10D36A192276C0007B7ADD /* FunWithRuntimeAttributesTests */ = {
			isa = PBXNativeTarget;
			buildConfigurationList = CB10D37F192276C0007B7ADD /* Build configuration list for PBXNativeTarget "FunWithRuntimeAttributesTests" */;
			buildPhases = (
				CB10D367192276C0007B7ADD /* Sources */,
				CB10D368192276C0007B7ADD /* Frameworks */,
				CB10D369192276C0007B7ADD /* Resources */,
			);
			buildRules = (
			);
			dependencies = (
				CB10D371192276C0007B7ADD /* PBXTargetDependency */,
			);
			name = FunWithRuntimeAttributesTests;
			productName = FunWithRuntimeAttributesTests;
			productReference = CB10D36B192276C0007B7ADD /* FunWithRuntimeAttributesTests.xctest */;
			productType = "com.apple.product-type.bundle.unit-test";
		};
/* End PBXNativeTarget section */

/* Begin PBXProject section */
		CB10D342192276C0007B7ADD /* Project object */ = {
			isa = PBXProject;
			attributes = {
				CLASSPREFIX = FRA;
				LastUpgradeCheck = 0510;
				ORGANIZATIONNAME = atomicobject;
				TargetAttributes = {
					CB10D36A192276C0007B7ADD = {
						TestTargetID = CB10D349192276C0007B7ADD;
					};
				};
			};
			buildConfigurationList = CB10D345192276C0007B7ADD /* Build configuration list for PBXProject "FunWithRuntimeAttributes" */;
			compatibilityVersion = "Xcode 3.2";
			developmentRegion = English;
			hasScannedForEncodings = 0;
			knownRegions = (
				en,
				Base,
			);
			mainGroup = CB10D341192276C0007B7ADD;
			productRefGroup = CB10D34B192276C0007B7ADD /* Products */;
			projectDirPath = "";
			projectRoot = "";
			targets = (
				CB10D349192276C0007B7ADD /* FunWithRuntimeAttributes */,
				CB10D36A192276C0007B7ADD /* FunWithRuntimeAttributesTests */,
			);
		};
/* End PBXProject section */

/* Begin PBXResourcesBuildPhase section */
		CB10D348192276C0007B7ADD /* Resources */ = {
			isa = PBXResourcesBuildPhase;
			buildActionMask = 2147483647;
			files = (
				CB10D366192276C0007B7ADD /* Images.xcassets in Resources */,
				CB10D358192276C0007B7ADD /* InfoPlist.strings in Resources */,
				CB10D361192276C0007B7ADD /* Main.storyboard in Resources */,
			);
			runOnlyForDeploymentPostprocessing = 0;
		};
		CB10D369192276C0007B7ADD /* Resources */ = {
			isa = PBXResourcesBuildPhase;
			buildActionMask = 2147483647;
			files = (
				CB10D377192276C0007B7ADD /* InfoPlist.strings in Resources */,
			);
			runOnlyForDeploymentPostprocessing = 0;
		};
/* End PBXResourcesBuildPhase section */

/* Begin PBXSourcesBuildPhase section */
		CB10D346192276C0007B7ADD /* Sources */ = {
			isa = PBXSourcesBuildPhase;
			buildActionMask = 2147483647;
			files = (
				CB10D35E192276C0007B7ADD /* FRAAppDelegate.m in Sources */,
				CB10D386192278FE007B7ADD /* CALayer+RuntimeAttribute.m in Sources */,
				CB10D387192278FE007B7ADD /* UISegmentedControl+RuntimeAttribute.m in Sources */,
				CB10D35A192276C0007B7ADD /* main.m in Sources */,
			);
			runOnlyForDeploymentPostprocessing = 0;
		};
		CB10D367192276C0007B7ADD /* Sources */ = {
			isa = PBXSourcesBuildPhase;
			buildActionMask = 2147483647;
			files = (
				CB10D379192276C0007B7ADD /* FunWithRuntimeAttributesTests.m in Sources */,
			);
			runOnlyForDeploymentPostprocessing = 0;
		};
/* End PBXSourcesBuildPhase section */

/* Begin PBXTargetDependency section */
		CB10D371192276C0007B7ADD /* PBXTargetDependency */ = {
			isa = PBXTargetDependency;
			target = CB10D349192276C0007B7ADD /* FunWithRuntimeAttributes */;
			targetProxy = CB10D370192276C0007B7ADD /* PBXContainerItemProxy */;
		};
/* End PBXTargetDependency section */

/* Begin PBXVariantGroup section */
		CB10D356192276C0007B7ADD /* InfoPlist.strings */ = {
			isa = PBXVariantGroup;
			children = (
				CB10D357192276C0007B7ADD /* en */,
			);
			name = InfoPlist.strings;
			sourceTree = "<group>";
		};
		CB10D35F192276C0007B7ADD /* Main.storyboard */ = {
			isa = PBXVariantGroup;
			children = (
				CB10D360192276C0007B7ADD /* Base */,
			);
			name = Main.storyboard;
			sourceTree = "<group>";
		};
		CB10D375192276C0007B7ADD /* InfoPlist.strings */ = {
			isa = PBXVariantGroup;
			children = (
				CB10D376192276C0007B7ADD /* en */,
			);
			name = InfoPlist.strings;
			sourceTree = "<group>";
		};
/* End PBXVariantGroup section */

/* Begin XCBuildConfiguration section */
		CB10D37A192276C0007B7ADD /* Debug */ = {
			isa = XCBuildConfiguration;
			buildSettings = {
				ALWAYS_SEARCH_USER_PATHS = NO;
				CLANG_CXX_LANGUAGE_STANDARD = "gnu++0x";
				CLANG_CXX_LIBRARY = "libc++";
				CLANG_ENABLE_MODULES = YES;
				CLANG_ENABLE_OBJC_ARC = YES;
				CLANG_WARN_BOOL_CONVERSION = YES;
				CLANG_WARN_CONSTANT_CONVERSION = YES;
				CLANG_WARN_DIRECT_OBJC_ISA_USAGE = YES_ERROR;
				CLANG_WARN_EMPTY_BODY = YES;
				CLANG_WARN_ENUM_CONVERSION = YES;
				CLANG_WARN_INT_CONVERSION = YES;
				CLANG_WARN_OBJC_ROOT_CLASS = YES_ERROR;
				CLANG_WARN__DUPLICATE_METHOD_MATCH = YES;
				"CODE_SIGN_IDENTITY[sdk=iphoneos*]" = "iPhone Developer";
				COPY_PHASE_STRIP = NO;
				GCC_C_LANGUAGE_STANDARD = gnu99;
				GCC_DYNAMIC_NO_PIC = NO;
				GCC_OPTIMIZATION_LEVEL = 0;
				GCC_PREPROCESSOR_DEFINITIONS = (
					"DEBUG=1",
					"$(inherited)",
				);
				GCC_SYMBOLS_PRIVATE_EXTERN = NO;
				GCC_WARN_64_TO_32_BIT_CONVERSION = YES;
				GCC_WARN_ABOUT_RETURN_TYPE = YES_ERROR;
				GCC_WARN_UNDECLARED_SELECTOR = YES;
				GCC_WARN_UNINITIALIZED_AUTOS = YES_AGGRESSIVE;
				GCC_WARN_UNUSED_FUNCTION = YES;
				GCC_WARN_UNUSED_VARIABLE = YES;
				IPHONEOS_DEPLOYMENT_TARGET = 7.1;
				ONLY_ACTIVE_ARCH = YES;
				SDKROOT = iphoneos;
			};
			name = Debug;
		};
		CB10D37B192276C0007B7ADD /* Release */ = {
			isa = XCBuildConfiguration;
			buildSettings = {
				ALWAYS_SEARCH_USER_PATHS = NO;
				CLANG_CXX_LANGUAGE_STANDARD = "gnu++0x";
				CLANG_CXX_LIBRARY = "libc++";
				CLANG_ENABLE_MODULES = YES;
				CLANG_ENABLE_OBJC_ARC = YES;
				CLANG_WARN_BOOL_CONVERSION = YES;
				CLANG_WARN_CONSTANT_CONVERSION = YES;
				CLANG_WARN_DIRECT_OBJC_ISA_USAGE = YES_ERROR;
				CLANG_WARN_EMPTY_BODY = YES;
				CLANG_WARN_ENUM_CONVERSION = YES;
				CLANG_WARN_INT_CONVERSION = YES;
				CLANG_WARN_OBJC_ROOT_CLASS = YES_ERROR;
				CLANG_WARN__DUPLICATE_METHOD_MATCH = YES;
				"CODE_SIGN_IDENTITY[sdk=iphoneos*]" = "iPhone Developer";
				COPY_PHASE_STRIP = YES;
				ENABLE_NS_ASSERTIONS = NO;
				GCC_C_LANGUAGE_STANDARD = gnu99;
				GCC_WARN_64_TO_32_BIT_CONVERSION = YES;
				GCC_WARN_ABOUT_RETURN_TYPE = YES_ERROR;
				GCC_WARN_UNDECLARED_SELECTOR = YES;
				GCC_WARN_UNINITIALIZED_AUTOS = YES_AGGRESSIVE;
				GCC_WARN_UNUSED_FUNCTION = YES;
				GCC_WARN_UNUSED_VARIABLE = YES;
				IPHONEOS_DEPLOYMENT_TARGET = 7.1;
				SDKROOT = iphoneos;
				VALIDATE_PRODUCT = YES;
			};
			name = Release;
		};
		CB10D37D192276C0007B7ADD /* Debug */ = {
			isa = XCBuildConfiguration;
			buildSettings = {
				ASSETCATALOG_COMPILER_APPICON_NAME = AppIcon;
				ASSETCATALOG_COMPILER_LAUNCHIMAGE_NAME = LaunchImage;
				GCC_PRECOMPILE_PREFIX_HEADER = YES;
				GCC_PREFIX_HEADER = "FunWithRuntimeAttributes/FunWithRuntimeAttributes-Prefix.pch";
				INFOPLIST_FILE = "FunWithRuntimeAttributes/FunWithRuntimeAttributes-Info.plist";
				PRODUCT_NAME = "$(TARGET_NAME)";
				WRAPPER_EXTENSION = app;
			};
			name = Debug;
		};
		CB10D37E192276C0007B7ADD /* Release */ = {
			isa = XCBuildConfiguration;
			buildSettings = {
				ASSETCATALOG_COMPILER_APPICON_NAME = AppIcon;
				ASSETCATALOG_COMPILER_LAUNCHIMAGE_NAME = LaunchImage;
				GCC_PRECOMPILE_PREFIX_HEADER = YES;
				GCC_PREFIX_HEADER = "FunWithRuntimeAttributes/FunWithRuntimeAttributes-Prefix.pch";
				INFOPLIST_FILE = "FunWithRuntimeAttributes/FunWithRuntimeAttributes-Info.plist";
				PRODUCT_NAME = "$(TARGET_NAME)";
				WRAPPER_EXTENSION = app;
			};
			name = Release;
		};
		CB10D380192276C0007B7ADD /* Debug */ = {
			isa = XCBuildConfiguration;
			buildSettings = {
				BUNDLE_LOADER = "$(BUILT_PRODUCTS_DIR)/FunWithRuntimeAttributes.app/FunWithRuntimeAttributes";
				FRAMEWORK_SEARCH_PATHS = (
					"$(SDKROOT)/Developer/Library/Frameworks",
					"$(inherited)",
					"$(DEVELOPER_FRAMEWORKS_DIR)",
				);
				GCC_PRECOMPILE_PREFIX_HEADER = YES;
				GCC_PREFIX_HEADER = "FunWithRuntimeAttributes/FunWithRuntimeAttributes-Prefix.pch";
				GCC_PREPROCESSOR_DEFINITIONS = (
					"DEBUG=1",
					"$(inherited)",
				);
				INFOPLIST_FILE = "FunWithRuntimeAttributesTests/FunWithRuntimeAttributesTests-Info.plist";
				PRODUCT_NAME = "$(TARGET_NAME)";
				TEST_HOST = "$(BUNDLE_LOADER)";
				WRAPPER_EXTENSION = xctest;
			};
			name = Debug;
		};
		CB10D381192276C0007B7ADD /* Release */ = {
			isa = XCBuildConfiguration;
			buildSettings = {
				BUNDLE_LOADER = "$(BUILT_PRODUCTS_DIR)/FunWithRuntimeAttributes.app/FunWithRuntimeAttributes";
				FRAMEWORK_SEARCH_PATHS = (
					"$(SDKROOT)/Developer/Library/Frameworks",
					"$(inherited)",
					"$(DEVELOPER_FRAMEWORKS_DIR)",
				);
				GCC_PRECOMPILE_PREFIX_HEADER = YES;
				GCC_PREFIX_HEADER = "FunWithRuntimeAttributes/FunWithRuntimeAttributes-Prefix.pch";
				INFOPLIST_FILE = "FunWithRuntimeAttributesTests/FunWithRuntimeAttributesTests-Info.plist";
				PRODUCT_NAME = "$(TARGET_NAME)";
				TEST_HOST = "$(BUNDLE_LOADER)";
				WRAPPER_EXTENSION = xctest;
			};
			name = Release;
		};
/* End XCBuildConfiguration section */

/* Begin XCConfigurationList section */
		CB10D345192276C0007B7ADD /* Build configuration list for PBXProject "FunWithRuntimeAttributes" */ = {
			isa = XCConfigurationList;
			buildConfigurations = (
				CB10D37A192276C0007B7ADD /* Debug */,
				CB10D37B192276C0007B7ADD /* Release */,
			);
			defaultConfigurationIsVisible = 0;
			defaultConfigurationName = Release;
		};
		CB10D37C192276C0007B7ADD /* Build configuration list for PBXNativeTarget "FunWithRuntimeAttributes" */ = {
			isa = XCConfigurationList;
			buildConfigurations = (
				CB10D37D192276C0007B7ADD /* Debug */,
				CB10D37E192276C0007B7ADD /* Release */,
			);
			defaultConfigurationIsVisible = 0;
		};
		CB10D37F192276C0007B7ADD /* Build configuration list for PBXNativeTarget "FunWithRuntimeAttributesTests" */ = {
			isa = XCConfigurationList;
			buildConfigurations = (
				CB10D380192276C0007B7ADD /* Debug */,
				CB10D381192276C0007B7ADD /* Release */,
			);
			defaultConfigurationIsVisible = 0;
		};
/* End XCConfigurationList section */
	};
	rootObject = CB10D342192276C0007B7ADD /* Project object */;
}
